
Microsoft Visual Studio Solution File, Format Version 12.00
# Visual Studio Version 16
VisualStudioVersion = 16.0.33529.622
MinimumVisualStudioVersion = 10.0.40219.1
Project("{FAE04EC0-301F-11D3-BF4B-00C04F79EFBC}") = "WEBENG-PROJECT", "WEBENG-PROJECT\WEBENG-PROJECT.csproj", "{10DAF7B3-576E-43E0-9BF0-4C48ACA71FB3}"
EndProject
Global
	GlobalSection(SolutionConfigurationPlatforms) = preSolution
		Debug|Any CPU = Debug|Any CPU
		Release|Any CPU = Release|Any CPU
	EndGlobalSection
	GlobalSection(ProjectConfigurationPlatforms) = postSolution
		{10DAF7B3-576E-43E0-9BF0-4C48ACA71FB3}.Debug|Any CPU.ActiveCfg = Debug|Any CPU
		{10DAF7B3-576E-43E0-9BF0-4C48ACA71FB3}.Debug|Any CPU.Build.0 = Debug|Any CPU
		{10DAF7B3-576E-43E0-9BF0-4C48ACA71FB3}.Release|Any CPU.ActiveCfg = Release|Any CPU
		{10DAF7B3-576E-43E0-9BF0-4C48ACA71FB3}.Release|Any CPU.Build.0 = Release|Any CPU
	EndGlobalSection
	GlobalSection(SolutionProperties) = preSolution
		HideSolutionNode = FALSE
	EndGlobalSection
	GlobalSection(ExtensibilityGlobals) = postSolution
		SolutionGuid = {B9658906-1E16-460B-92A1-79B9430A02E3}
	EndGlobalSection
EndGlobal
